Microsoft Visual Studio Solution File, Format Version 12.00
# Visual Studio Version 17
VisualStudioVersion = 17.5.2.0
MinimumVisualStudioVersion = 10.0.40219.1
Project("{FAE04EC0-301F-11D3-BF4B-00C04F79EFBC}") = "Webchecktienlech", "Webchecktienlech.csproj", "{9DB637C1-FD99-E587-625F-995B3E83C28F}"
EndProject
Global
	GlobalSection(SolutionConfigurationPlatforms) = preSolution
		Debug|Any CPU = Debug|Any CPU
		Release|Any CPU = Release|Any CPU
	EndGlobalSection
	GlobalSection(ProjectConfigurationPlatforms) = postSolution
		{9DB637C1-FD99-E587-625F-995B3E83C28F}.Debug|Any CPU.ActiveCfg = Debug|Any CPU
		{9DB637C1-FD99-E587-625F-995B3E83C28F}.Debug|Any CPU.Build.0 = Debug|Any CPU
		{9DB637C1-FD99-E587-625F-995B3E83C28F}.Release|Any CPU.ActiveCfg = Release|Any CPU
		{9DB637C1-FD99-E587-625F-995B3E83C28F}.Release|Any CPU.Build.0 = Release|Any CPU
	EndGlobalSection
	GlobalSection(SolutionProperties) = preSolution
		HideSolutionNode = FALSE
	EndGlobalSection
	GlobalSection(ExtensibilityGlobals) = postSolution
		SolutionGuid = {91DE30D5-2B26-4EDB-BE0F-AD1661E566AB}
	EndGlobalSection
EndGlobal
